
Microsoft Visual Studio Solution File, Format Version 12.00
# Visual Studio Version 16
VisualStudioVersion = 16.0.31613.86
MinimumVisualStudioVersion = 10.0.40219.1
Project("{9A19103F-16F7-4668-BE54-9A1E7A4F7556}") = "AppResiliency", "AppResiliency\AppResiliency.csproj", "{4D7858EB-28A2-47E7-855D-1214918EFADA}"
EndProject
Project("{2150E333-8FDC-42A3-9474-1A3956D46DE8}") = "Solution Items", "Solution Items", "{D9EA2C7F-8067-4D37-A104-872629DEADB7}"
	ProjectSection(SolutionItems) = preProject
		build.ps1 = build.ps1
		readme.md = readme.md
	EndProjectSection
EndProject
Global
	GlobalSection(SolutionConfigurationPlatforms) = preSolution
		Debug|ARM64 = Debug|ARM64
		Debug|x64 = Debug|x64
		Release|ARM64 = Release|ARM64
		Release|x64 = Release|x64
	EndGlobalSection
	GlobalSection(ProjectConfigurationPlatforms) = postSolution
		{4D7858EB-28A2-47E7-855D-1214918EFADA}.Debug|ARM64.ActiveCfg = Debug|ARM64
		{4D7858EB-28A2-47E7-855D-1214918EFADA}.Debug|ARM64.Build.0 = Debug|ARM64
		{4D7858EB-28A2-47E7-855D-1214918EFADA}.Debug|x64.ActiveCfg = Release|x64
		{4D7858EB-28A2-47E7-855D-1214918EFADA}.Debug|x64.Build.0 = Release|x64
		{4D7858EB-28A2-47E7-855D-1214918EFADA}.Release|ARM64.ActiveCfg = Release|ARM64
		{4D7858EB-28A2-47E7-855D-1214918EFADA}.Release|ARM64.Build.0 = Release|ARM64
		{4D7858EB-28A2-47E7-855D-1214918EFADA}.Release|x64.ActiveCfg = Release|x64
		{4D7858EB-28A2-47E7-855D-1214918EFADA}.Release|x64.Build.0 = Release|x64
	EndGlobalSection
	GlobalSection(SolutionProperties) = preSolution
		HideSolutionNode = FALSE
	EndGlobalSection
	GlobalSection(ExtensibilityGlobals) = postSolution
		SolutionGuid = {E523B72B-02BA-4543-BEB3-61FFD6078BF1}
	EndGlobalSection
EndGlobal
