
Microsoft Visual Studio Solution File, Format Version 12.00
# Visual Studio Version 16
VisualStudioVersion = 16.0.31613.86
MinimumVisualStudioVersion = 10.0.40219.1
Project("{9A19103F-16F7-4668-BE54-9A1E7A4F7556}") = "AppResiliency", "AppResiliency\AppResiliency.csproj", "{4D7858EB-28A2-47E7-855D-1214918EFADA}"
EndProject
Global
	GlobalSection(SolutionConfigurationPlatforms) = preSolution
		Debug|x64 = Debug|x64
		Release|x64 = Release|x64
	EndGlobalSection
	GlobalSection(ProjectConfigurationPlatforms) = postSolution
		{4D7858EB-28A2-47E7-855D-1214918EFADA}.Debug|x64.ActiveCfg = Release|x64
		{4D7858EB-28A2-47E7-855D-1214918EFADA}.Debug|x64.Build.0 = Release|x64
		{4D7858EB-28A2-47E7-855D-1214918EFADA}.Release|x64.ActiveCfg = Release|x64
		{4D7858EB-28A2-47E7-855D-1214918EFADA}.Release|x64.Build.0 = Release|x64
	EndGlobalSection
	GlobalSection(SolutionProperties) = preSolution
		HideSolutionNode = FALSE
	EndGlobalSection
	GlobalSection(ExtensibilityGlobals) = postSolution
		SolutionGuid = {E523B72B-02BA-4543-BEB3-61FFD6078BF1}
	EndGlobalSection
EndGlobal
